// !$*UTF8*$!
{
	archiveVersion = 1;
	classes = {
	};
	objectVersion = 56;
	objects = {

/* Begin PBXBuildFile section */
		40152F5E2AA1C39E0049E309 /* AppDelegate.swift in Sources */ = {isa = PBXBuildFile; fileRef = 40152F5D2AA1C39E0049E309 /* AppDelegate.swift */; };
		40152F602AA1C39E0049E309 /* SceneDelegate.swift in Sources */ = {isa = PBXBuildFile; fileRef = 40152F5F2AA1C39E0049E309 /* SceneDelegate.swift */; };
		40152F622AA1C39E0049E309 /* ViewController.swift in Sources */ = {isa = PBXBuildFile; fileRef = 40152F612AA1C39E0049E309 /* ViewController.swift */; };
		40152F672AA1C3A00049E309 /* Assets.xcassets in Resources */ = {isa = PBXBuildFile; fileRef = 40152F662AA1C3A00049E309 /* Assets.xcassets */; };
		40152F6A2AA1C3A00049E309 /* LaunchScreen.storyboard in Resources */ = {isa = PBXBuildFile; fileRef = 40152F682AA1C3A00049E309 /* LaunchScreen.storyboard */; };
		405373A22AA23DBA00704904 /* Response.swift in Sources */ = {isa = PBXBuildFile; fileRef = 405373A12AA23DBA00704904 /* Response.swift */; };
		40F2A8FC2AA31E9B009E345B /* SuccessResponseViewController.swift in Sources */ = {isa = PBXBuildFile; fileRef = 40F2A8FB2AA31E9B009E345B /* SuccessResponseViewController.swift */; };
		40F2A8FE2AA32161009E345B /* BaseResultLabel.swift in Sources */ = {isa = PBXBuildFile; fileRef = 40F2A8FD2AA32161009E345B /* BaseResultLabel.swift */; };
		40F6E0362AA22DA800F75858 /* NetworkService.swift in Sources */ = {isa = PBXBuildFile; fileRef = 40F6E0352AA22DA800F75858 /* NetworkService.swift */; };
		7E3757CD2AA5FD030093A3C5 /* BaseCollectionViewCell.swift in Sources */ = {isa = PBXBuildFile; fileRef = 7E3757CC2AA5FD030093A3C5 /* BaseCollectionViewCell.swift */; };
		7E3757D02AA60F250093A3C5 /* BaseCollectionView.swift in Sources */ = {isa = PBXBuildFile; fileRef = 7E3757CF2AA60F250093A3C5 /* BaseCollectionView.swift */; };
		7E3757D42AA60F7B0093A3C5 /* BaseCollectionViewFlowLayout.swift in Sources */ = {isa = PBXBuildFile; fileRef = 7E3757D32AA60F7B0093A3C5 /* BaseCollectionViewFlowLayout.swift */; };
		7E3757D72AA612930093A3C5 /* GreetingTarget.swift in Sources */ = {isa = PBXBuildFile; fileRef = 7E3757D62AA612930093A3C5 /* GreetingTarget.swift */; };
		7E3757D92AA62A4D0093A3C5 /* Interests.swift in Sources */ = {isa = PBXBuildFile; fileRef = 7E3757D82AA62A4D0093A3C5 /* Interests.swift */; };
		7E42DD422AA1CF68007391AB /* Resources.swift in Sources */ = {isa = PBXBuildFile; fileRef = 7E42DD412AA1CF68007391AB /* Resources.swift */; };
		7E42DD4A2AA1D711007391AB /* Localizable.strings in Resources */ = {isa = PBXBuildFile; fileRef = 7E42DD4C2AA1D711007391AB /* Localizable.strings */; };
		7E42DD502AA1D7A6007391AB /* Strings+Generated.swift in Sources */ = {isa = PBXBuildFile; fileRef = 7E42DD4F2AA1D7A6007391AB /* Strings+Generated.swift */; };
		7E42DD532AA1D979007391AB /* UIColor + Extension.swift in Sources */ = {isa = PBXBuildFile; fileRef = 7E42DD522AA1D979007391AB /* UIColor + Extension.swift */; };
		7E42DD552AA1DA63007391AB /* UIFont + Extension.swift in Sources */ = {isa = PBXBuildFile; fileRef = 7E42DD542AA1DA63007391AB /* UIFont + Extension.swift */; };
		7E42DD572AA1E3F9007391AB /* BaseCustomButton.swift in Sources */ = {isa = PBXBuildFile; fileRef = 7E42DD562AA1E3F9007391AB /* BaseCustomButton.swift */; };
		7E42DD592AA1E7C5007391AB /* UIView + Extension.swift in Sources */ = {isa = PBXBuildFile; fileRef = 7E42DD582AA1E7C5007391AB /* UIView + Extension.swift */; };
		7E42DD5B2AA1F21C007391AB /* OnboardingViewController.swift in Sources */ = {isa = PBXBuildFile; fileRef = 7E42DD5A2AA1F21C007391AB /* OnboardingViewController.swift */; };
		7E42DD5E2AA207A8007391AB /* CongratulationTypeViewController.swift in Sources */ = {isa = PBXBuildFile; fileRef = 7E42DD5D2AA207A8007391AB /* CongratulationTypeViewController.swift */; };
		7E42DD612AA2092F007391AB /* BaseCongratulationTypeButton.swift in Sources */ = {isa = PBXBuildFile; fileRef = 7E42DD602AA2092F007391AB /* BaseCongratulationTypeButton.swift */; };
		7E42DD632AA21842007391AB /* BaseCongratulationTypeButtonDelegate.swift in Sources */ = {isa = PBXBuildFile; fileRef = 7E42DD622AA21842007391AB /* BaseCongratulationTypeButtonDelegate.swift */; };
		7EFFABC92AA705410018196F /* FirstFormViewController.swift in Sources */ = {isa = PBXBuildFile; fileRef = 7EFFABC82AA705410018196F /* FirstFormViewController.swift */; };
/* End PBXBuildFile section */

/* Begin PBXFileReference section */
		40152F5A2AA1C39E0049E309 /* holidayNow.app */ = {isa = PBXFileReference; explicitFileType = wrapper.application; includeInIndex = 0; path = holidayNow.app; sourceTree = BUILT_PRODUCTS_DIR; };
		40152F5D2AA1C39E0049E309 /* AppDelegate.swift */ = {isa = PBXFileReference; lastKnownFileType = sourcecode.swift; path = AppDelegate.swift; sourceTree = "<group>"; };
		40152F5F2AA1C39E0049E309 /* SceneDelegate.swift */ = {isa = PBXFileReference; lastKnownFileType = sourcecode.swift; path = SceneDelegate.swift; sourceTree = "<group>"; };
		40152F612AA1C39E0049E309 /* ViewController.swift */ = {isa = PBXFileReference; lastKnownFileType = sourcecode.swift; path = ViewController.swift; sourceTree = "<group>"; };
		40152F662AA1C3A00049E309 /* Assets.xcassets */ = {isa = PBXFileReference; lastKnownFileType = folder.assetcatalog; path = Assets.xcassets; sourceTree = "<group>"; };
		40152F692AA1C3A00049E309 /* Base */ = {isa = PBXFileReference; lastKnownFileType = file.storyboard; name = Base; path = Base.lproj/LaunchScreen.storyboard; sourceTree = "<group>"; };
		40152F6B2AA1C3A00049E309 /* Info.plist */ = {isa = PBXFileReference; lastKnownFileType = text.plist.xml; path = Info.plist; sourceTree = "<group>"; };
		405373A12AA23DBA00704904 /* Response.swift */ = {isa = PBXFileReference; lastKnownFileType = sourcecode.swift; path = Response.swift; sourceTree = "<group>"; };
		40F2A8FB2AA31E9B009E345B /* SuccessResponseViewController.swift */ = {isa = PBXFileReference; lastKnownFileType = sourcecode.swift; path = SuccessResponseViewController.swift; sourceTree = "<group>"; };
		40F2A8FD2AA32161009E345B /* BaseResultLabel.swift */ = {isa = PBXFileReference; lastKnownFileType = sourcecode.swift; path = BaseResultLabel.swift; sourceTree = "<group>"; };
		40F6E0352AA22DA800F75858 /* NetworkService.swift */ = {isa = PBXFileReference; lastKnownFileType = sourcecode.swift; path = NetworkService.swift; sourceTree = "<group>"; };
		7E3757CC2AA5FD030093A3C5 /* BaseCollectionViewCell.swift */ = {isa = PBXFileReference; lastKnownFileType = sourcecode.swift; path = BaseCollectionViewCell.swift; sourceTree = "<group>"; };
		7E3757CF2AA60F250093A3C5 /* BaseCollectionView.swift */ = {isa = PBXFileReference; lastKnownFileType = sourcecode.swift; path = BaseCollectionView.swift; sourceTree = "<group>"; };
		7E3757D32AA60F7B0093A3C5 /* BaseCollectionViewFlowLayout.swift */ = {isa = PBXFileReference; lastKnownFileType = sourcecode.swift; path = BaseCollectionViewFlowLayout.swift; sourceTree = "<group>"; };
		7E3757D62AA612930093A3C5 /* GreetingTarget.swift */ = {isa = PBXFileReference; lastKnownFileType = sourcecode.swift; path = GreetingTarget.swift; sourceTree = "<group>"; };
		7E3757D82AA62A4D0093A3C5 /* Interests.swift */ = {isa = PBXFileReference; lastKnownFileType = sourcecode.swift; path = Interests.swift; sourceTree = "<group>"; };
		7E42DD412AA1CF68007391AB /* Resources.swift */ = {isa = PBXFileReference; lastKnownFileType = sourcecode.swift; path = Resources.swift; sourceTree = "<group>"; };
		7E42DD4B2AA1D711007391AB /* en */ = {isa = PBXFileReference; lastKnownFileType = text.plist.strings; name = en; path = en.lproj/Localizable.strings; sourceTree = "<group>"; };
		7E42DD4F2AA1D7A6007391AB /* Strings+Generated.swift */ = {isa = PBXFileReference; fileEncoding = 4; lastKnownFileType = sourcecode.swift; path = "Strings+Generated.swift"; sourceTree = "<group>"; };
		7E42DD522AA1D979007391AB /* UIColor + Extension.swift */ = {isa = PBXFileReference; lastKnownFileType = sourcecode.swift; path = "UIColor + Extension.swift"; sourceTree = "<group>"; };
		7E42DD542AA1DA63007391AB /* UIFont + Extension.swift */ = {isa = PBXFileReference; lastKnownFileType = sourcecode.swift; path = "UIFont + Extension.swift"; sourceTree = "<group>"; };
		7E42DD562AA1E3F9007391AB /* BaseCustomButton.swift */ = {isa = PBXFileReference; lastKnownFileType = sourcecode.swift; path = BaseCustomButton.swift; sourceTree = "<group>"; };
		7E42DD582AA1E7C5007391AB /* UIView + Extension.swift */ = {isa = PBXFileReference; lastKnownFileType = sourcecode.swift; path = "UIView + Extension.swift"; sourceTree = "<group>"; };
		7E42DD5A2AA1F21C007391AB /* OnboardingViewController.swift */ = {isa = PBXFileReference; lastKnownFileType = sourcecode.swift; path = OnboardingViewController.swift; sourceTree = "<group>"; };
		7E42DD5D2AA207A8007391AB /* CongratulationTypeViewController.swift */ = {isa = PBXFileReference; lastKnownFileType = sourcecode.swift; path = CongratulationTypeViewController.swift; sourceTree = "<group>"; };
		7E42DD602AA2092F007391AB /* BaseCongratulationTypeButton.swift */ = {isa = PBXFileReference; lastKnownFileType = sourcecode.swift; path = BaseCongratulationTypeButton.swift; sourceTree = "<group>"; };
		7E42DD622AA21842007391AB /* BaseCongratulationTypeButtonDelegate.swift */ = {isa = PBXFileReference; lastKnownFileType = sourcecode.swift; path = BaseCongratulationTypeButtonDelegate.swift; sourceTree = "<group>"; };
		7EFFABC82AA705410018196F /* FirstFormViewController.swift */ = {isa = PBXFileReference; lastKnownFileType = sourcecode.swift; path = FirstFormViewController.swift; sourceTree = "<group>"; };
/* End PBXFileReference section */

/* Begin PBXFrameworksBuildPhase section */
		40152F572AA1C39E0049E309 /* Frameworks */ = {
			isa = PBXFrameworksBuildPhase;
			buildActionMask = 2147483647;
			files = (
			);
			runOnlyForDeploymentPostprocessing = 0;
		};
/* End PBXFrameworksBuildPhase section */

/* Begin PBXGroup section */
		40152F512AA1C39E0049E309 = {
			isa = PBXGroup;
			children = (
				40152F5C2AA1C39E0049E309 /* holidayNow */,
				40152F5B2AA1C39E0049E309 /* Products */,
			);
			sourceTree = "<group>";
		};
		40152F5B2AA1C39E0049E309 /* Products */ = {
			isa = PBXGroup;
			children = (
				40152F5A2AA1C39E0049E309 /* holidayNow.app */,
			);
			name = Products;
			sourceTree = "<group>";
		};
		40152F5C2AA1C39E0049E309 /* holidayNow */ = {
			isa = PBXGroup;
			children = (
				7E42DD3F2AA1CF38007391AB /* Application */,
				7E42DD402AA1CF3F007391AB /* Scenes */,
				40F6E0342AA22D9100F75858 /* Services */,
				405373A02AA23D9B00704904 /* Models */,
				7E42DD452AA1CF92007391AB /* Components */,
				7E42DD3E2AA1CEBD007391AB /* SupportingFiles */,
				7E42DD442AA1CF89007391AB /* Extensions */,
			);
			path = holidayNow;
			sourceTree = "<group>";
		};
		405373A02AA23D9B00704904 /* Models */ = {
			isa = PBXGroup;
			children = (
				405373A12AA23DBA00704904 /* Response.swift */,
				7E3757D62AA612930093A3C5 /* GreetingTarget.swift */,
				7E3757D82AA62A4D0093A3C5 /* Interests.swift */,
			);
			path = Models;
			sourceTree = "<group>";
		};
		40F2A8FA2AA31DD4009E345B /* ResponseScreens */ = {
			isa = PBXGroup;
			children = (
				40F2A8FB2AA31E9B009E345B /* SuccessResponseViewController.swift */,
			);
			path = ResponseScreens;
			sourceTree = "<group>";
		};
		40F6E0342AA22D9100F75858 /* Services */ = {
			isa = PBXGroup;
			children = (
				40F6E0352AA22DA800F75858 /* NetworkService.swift */,
			);
			path = Services;
			sourceTree = "<group>";
		};
		7E3757CE2AA60F120093A3C5 /* BaseCollectionView */ = {
			isa = PBXGroup;
			children = (
				7E3757D32AA60F7B0093A3C5 /* BaseCollectionViewFlowLayout.swift */,
				7E3757CF2AA60F250093A3C5 /* BaseCollectionView.swift */,
				7E3757CC2AA5FD030093A3C5 /* BaseCollectionViewCell.swift */,
			);
			path = BaseCollectionView;
			sourceTree = "<group>";
		};
		7E42DD3E2AA1CEBD007391AB /* SupportingFiles */ = {
			isa = PBXGroup;
			children = (
				7E42DD472AA1D6E3007391AB /* Localizable */,
				7E42DD432AA1CF6B007391AB /* Resources */,
				40152F662AA1C3A00049E309 /* Assets.xcassets */,
				40152F682AA1C3A00049E309 /* LaunchScreen.storyboard */,
				40152F6B2AA1C3A00049E309 /* Info.plist */,
			);
			path = SupportingFiles;
			sourceTree = "<group>";
		};
		7E42DD3F2AA1CF38007391AB /* Application */ = {
			isa = PBXGroup;
			children = (
				40152F5D2AA1C39E0049E309 /* AppDelegate.swift */,
				40152F5F2AA1C39E0049E309 /* SceneDelegate.swift */,
			);
			path = Application;
			sourceTree = "<group>";
		};
		7E42DD402AA1CF3F007391AB /* Scenes */ = {
			isa = PBXGroup;
			children = (
				7E42DD5C2AA1F21F007391AB /* OnboardingScreen */,
				40F2A8FA2AA31DD4009E345B /* ResponseScreens */,
				7E42DD5F2AA207AC007391AB /* CongratulationTypeScreen */,
				7EFFABCA2AA705450018196F /* FirstFormScreen */,
				40152F612AA1C39E0049E309 /* ViewController.swift */,
			);
			path = Scenes;
			sourceTree = "<group>";
		};
		7E42DD432AA1CF6B007391AB /* Resources */ = {
			isa = PBXGroup;
			children = (
				7E42DD412AA1CF68007391AB /* Resources.swift */,
			);
			path = Resources;
			sourceTree = "<group>";
		};
		7E42DD442AA1CF89007391AB /* Extensions */ = {
			isa = PBXGroup;
			children = (
				7E42DD522AA1D979007391AB /* UIColor + Extension.swift */,
				7E42DD542AA1DA63007391AB /* UIFont + Extension.swift */,
				7E42DD582AA1E7C5007391AB /* UIView + Extension.swift */,
			);
			path = Extensions;
			sourceTree = "<group>";
		};
		7E42DD452AA1CF92007391AB /* Components */ = {
			isa = PBXGroup;
			children = (
				7E42DD642AA2184B007391AB /* Protocols */,
				7E42DD652AA36CEE007391AB /* Buttons */,
				7E3757CE2AA60F120093A3C5 /* BaseCollectionView */,
				40F2A8FD2AA32161009E345B /* BaseResultLabel.swift */,
			);
			path = Components;
			sourceTree = "<group>";
		};
		7E42DD472AA1D6E3007391AB /* Localizable */ = {
			isa = PBXGroup;
			children = (
				7E42DD4F2AA1D7A6007391AB /* Strings+Generated.swift */,
				7E42DD4C2AA1D711007391AB /* Localizable.strings */,
			);
			path = Localizable;
			sourceTree = "<group>";
		};
		7E42DD5C2AA1F21F007391AB /* OnboardingScreen */ = {
			isa = PBXGroup;
			children = (
				7E42DD5A2AA1F21C007391AB /* OnboardingViewController.swift */,
			);
			path = OnboardingScreen;
			sourceTree = "<group>";
		};
		7E42DD5F2AA207AC007391AB /* CongratulationTypeScreen */ = {
			isa = PBXGroup;
			children = (
				7E42DD5D2AA207A8007391AB /* CongratulationTypeViewController.swift */,
			);
			path = CongratulationTypeScreen;
			sourceTree = "<group>";
		};
		7E42DD642AA2184B007391AB /* Protocols */ = {
			isa = PBXGroup;
			children = (
				7E42DD622AA21842007391AB /* BaseCongratulationTypeButtonDelegate.swift */,
			);
			path = Protocols;
			sourceTree = "<group>";
		};
		7E42DD652AA36CEE007391AB /* Buttons */ = {
			isa = PBXGroup;
			children = (
				7E42DD562AA1E3F9007391AB /* BaseCustomButton.swift */,
				7E42DD602AA2092F007391AB /* BaseCongratulationTypeButton.swift */,
			);
			path = Buttons;
			sourceTree = "<group>";
		};
		7EFFABCA2AA705450018196F /* FirstFormScreen */ = {
			isa = PBXGroup;
			children = (
				7EFFABC82AA705410018196F /* FirstFormViewController.swift */,
			);
			path = FirstFormScreen;
			sourceTree = "<group>";
		};
/* End PBXGroup section */

/* Begin PBXNativeTarget section */
		40152F592AA1C39E0049E309 /* holidayNow */ = {
			isa = PBXNativeTarget;
			buildConfigurationList = 40152F6E2AA1C3A10049E309 /* Build configuration list for PBXNativeTarget "holidayNow" */;
			buildPhases = (
				7E42DD512AA1D7B1007391AB /* SwiftGen */,
				40152F562AA1C39E0049E309 /* Sources */,
				40152F572AA1C39E0049E309 /* Frameworks */,
				40152F582AA1C39E0049E309 /* Resources */,
			);
			buildRules = (
			);
			dependencies = (
			);
			name = holidayNow;
			productName = holidayNow;
			productReference = 40152F5A2AA1C39E0049E309 /* holidayNow.app */;
			productType = "com.apple.product-type.application";
		};
/* End PBXNativeTarget section */

/* Begin PBXProject section */
		40152F522AA1C39E0049E309 /* Project object */ = {
			isa = PBXProject;
			attributes = {
				BuildIndependentTargetsInParallel = 1;
				LastSwiftUpdateCheck = 1430;
				LastUpgradeCheck = 1430;
				TargetAttributes = {
					40152F592AA1C39E0049E309 = {
						CreatedOnToolsVersion = 14.3;
					};
				};
			};
			buildConfigurationList = 40152F552AA1C39E0049E309 /* Build configuration list for PBXProject "holidayNow" */;
			compatibilityVersion = "Xcode 14.0";
			developmentRegion = en;
			hasScannedForEncodings = 0;
			knownRegions = (
				en,
				Base,
			);
			mainGroup = 40152F512AA1C39E0049E309;
			productRefGroup = 40152F5B2AA1C39E0049E309 /* Products */;
			projectDirPath = "";
			projectRoot = "";
			targets = (
				40152F592AA1C39E0049E309 /* holidayNow */,
			);
		};
/* End PBXProject section */

/* Begin PBXResourcesBuildPhase section */
		40152F582AA1C39E0049E309 /* Resources */ = {
			isa = PBXResourcesBuildPhase;
			buildActionMask = 2147483647;
			files = (
				40152F6A2AA1C3A00049E309 /* LaunchScreen.storyboard in Resources */,
				7E42DD4A2AA1D711007391AB /* Localizable.strings in Resources */,
				40152F672AA1C3A00049E309 /* Assets.xcassets in Resources */,
			);
			runOnlyForDeploymentPostprocessing = 0;
		};
/* End PBXResourcesBuildPhase section */

/* Begin PBXShellScriptBuildPhase section */
		7E42DD512AA1D7B1007391AB /* SwiftGen */ = {
			isa = PBXShellScriptBuildPhase;
			buildActionMask = 2147483647;
			files = (
			);
			inputFileListPaths = (
			);
			inputPaths = (
			);
			name = SwiftGen;
			outputFileListPaths = (
			);
			outputPaths = (
			);
			runOnlyForDeploymentPostprocessing = 0;
			shellPath = /bin/sh;
			shellScript = "export PATH=\"$PATH:/opt/homebrew/bin\"\n\nif which swiftgen; then\n    swiftgen\nelse\n  echo \"warning: SwiftLint not installed, download from https://github.com/realm/SwiftLint\"\nfi\n";
		};
/* End PBXShellScriptBuildPhase section */

/* Begin PBXSourcesBuildPhase section */
		40152F562AA1C39E0049E309 /* Sources */ = {
			isa = PBXSourcesBuildPhase;
			buildActionMask = 2147483647;
			files = (
				40F6E0362AA22DA800F75858 /* NetworkService.swift in Sources */,
				7E3757CD2AA5FD030093A3C5 /* BaseCollectionViewCell.swift in Sources */,
				40F2A8FC2AA31E9B009E345B /* SuccessResponseViewController.swift in Sources */,
				7E3757D42AA60F7B0093A3C5 /* BaseCollectionViewFlowLayout.swift in Sources */,
				7EFFABC92AA705410018196F /* FirstFormViewController.swift in Sources */,
				7E42DD502AA1D7A6007391AB /* Strings+Generated.swift in Sources */,
				40152F622AA1C39E0049E309 /* ViewController.swift in Sources */,
				7E42DD422AA1CF68007391AB /* Resources.swift in Sources */,
				7E3757D02AA60F250093A3C5 /* BaseCollectionView.swift in Sources */,
				405373A22AA23DBA00704904 /* Response.swift in Sources */,
				7E42DD572AA1E3F9007391AB /* BaseCustomButton.swift in Sources */,
				7E42DD632AA21842007391AB /* BaseCongratulationTypeButtonDelegate.swift in Sources */,
				7E42DD532AA1D979007391AB /* UIColor + Extension.swift in Sources */,
				7E3757D72AA612930093A3C5 /* GreetingTarget.swift in Sources */,
				7E3757D92AA62A4D0093A3C5 /* Interests.swift in Sources */,
				7E42DD612AA2092F007391AB /* BaseCongratulationTypeButton.swift in Sources */,
				40152F5E2AA1C39E0049E309 /* AppDelegate.swift in Sources */,
				7E42DD552AA1DA63007391AB /* UIFont + Extension.swift in Sources */,
				7E42DD5B2AA1F21C007391AB /* OnboardingViewController.swift in Sources */,
				40F2A8FE2AA32161009E345B /* BaseResultLabel.swift in Sources */,
				40152F602AA1C39E0049E309 /* SceneDelegate.swift in Sources */,
				7E42DD5E2AA207A8007391AB /* CongratulationTypeViewController.swift in Sources */,
				7E42DD592AA1E7C5007391AB /* UIView + Extension.swift in Sources */,
			);
			runOnlyForDeploymentPostprocessing = 0;
		};
/* End PBXSourcesBuildPhase section */

/* Begin PBXVariantGroup section */
		40152F682AA1C3A00049E309 /* LaunchScreen.storyboard */ = {
			isa = PBXVariantGroup;
			children = (
				40152F692AA1C3A00049E309 /* Base */,
			);
			name = LaunchScreen.storyboard;
			sourceTree = "<group>";
		};
		7E42DD4C2AA1D711007391AB /* Localizable.strings */ = {
			isa = PBXVariantGroup;
			children = (
				7E42DD4B2AA1D711007391AB /* en */,
			);
			name = Localizable.strings;
			sourceTree = "<group>";
		};
/* End PBXVariantGroup section */

/* Begin XCBuildConfiguration section */
		40152F6C2AA1C3A10049E309 /* Debug */ = {
			isa = XCBuildConfiguration;
			buildSettings = {
				ALWAYS_SEARCH_USER_PATHS = NO;
				CLANG_ANALYZER_NONNULL = YES;
				CLANG_ANALYZER_NUMBER_OBJECT_CONVERSION = YES_AGGRESSIVE;
				CLANG_CXX_LANGUAGE_STANDARD = "gnu++20";
				CLANG_ENABLE_MODULES = YES;
				CLANG_ENABLE_OBJC_ARC = YES;
				CLANG_ENABLE_OBJC_WEAK = YES;
				CLANG_WARN_BLOCK_CAPTURE_AUTORELEASING = YES;
				CLANG_WARN_BOOL_CONVERSION = YES;
				CLANG_WARN_COMMA = YES;
				CLANG_WARN_CONSTANT_CONVERSION = YES;
				CLANG_WARN_DEPRECATED_OBJC_IMPLEMENTATIONS = YES;
				CLANG_WARN_DIRECT_OBJC_ISA_USAGE = YES_ERROR;
				CLANG_WARN_DOCUMENTATION_COMMENTS = YES;
				CLANG_WARN_EMPTY_BODY = YES;
				CLANG_WARN_ENUM_CONVERSION = YES;
				CLANG_WARN_INFINITE_RECURSION = YES;
				CLANG_WARN_INT_CONVERSION = YES;
				CLANG_WARN_NON_LITERAL_NULL_CONVERSION = YES;
				CLANG_WARN_OBJC_IMPLICIT_RETAIN_SELF = YES;
				CLANG_WARN_OBJC_LITERAL_CONVERSION = YES;
				CLANG_WARN_OBJC_ROOT_CLASS = YES_ERROR;
				CLANG_WARN_QUOTED_INCLUDE_IN_FRAMEWORK_HEADER = YES;
				CLANG_WARN_RANGE_LOOP_ANALYSIS = YES;
				CLANG_WARN_STRICT_PROTOTYPES = YES;
				CLANG_WARN_SUSPICIOUS_MOVE = YES;
				CLANG_WARN_UNGUARDED_AVAILABILITY = YES_AGGRESSIVE;
				CLANG_WARN_UNREACHABLE_CODE = YES;
				CLANG_WARN__DUPLICATE_METHOD_MATCH = YES;
				COPY_PHASE_STRIP = NO;
				DEBUG_INFORMATION_FORMAT = dwarf;
				ENABLE_STRICT_OBJC_MSGSEND = YES;
				ENABLE_TESTABILITY = YES;
				GCC_C_LANGUAGE_STANDARD = gnu11;
				GCC_DYNAMIC_NO_PIC = NO;
				GCC_NO_COMMON_BLOCKS = YES;
				GCC_OPTIMIZATION_LEVEL = 0;
				GCC_PREPROCESSOR_DEFINITIONS = (
					"DEBUG=1",
					"$(inherited)",
				);
				GCC_WARN_64_TO_32_BIT_CONVERSION = YES;
				GCC_WARN_ABOUT_RETURN_TYPE = YES_ERROR;
				GCC_WARN_UNDECLARED_SELECTOR = YES;
				GCC_WARN_UNINITIALIZED_AUTOS = YES_AGGRESSIVE;
				GCC_WARN_UNUSED_FUNCTION = YES;
				GCC_WARN_UNUSED_VARIABLE = YES;
				IPHONEOS_DEPLOYMENT_TARGET = 16.4;
				MTL_ENABLE_DEBUG_INFO = INCLUDE_SOURCE;
				MTL_FAST_MATH = YES;
				ONLY_ACTIVE_ARCH = YES;
				SDKROOT = iphoneos;
				SWIFT_ACTIVE_COMPILATION_CONDITIONS = DEBUG;
				SWIFT_OPTIMIZATION_LEVEL = "-Onone";
			};
			name = Debug;
		};
		40152F6D2AA1C3A10049E309 /* Release */ = {
			isa = XCBuildConfiguration;
			buildSettings = {
				ALWAYS_SEARCH_USER_PATHS = NO;
				CLANG_ANALYZER_NONNULL = YES;
				CLANG_ANALYZER_NUMBER_OBJECT_CONVERSION = YES_AGGRESSIVE;
				CLANG_CXX_LANGUAGE_STANDARD = "gnu++20";
				CLANG_ENABLE_MODULES = YES;
				CLANG_ENABLE_OBJC_ARC = YES;
				CLANG_ENABLE_OBJC_WEAK = YES;
				CLANG_WARN_BLOCK_CAPTURE_AUTORELEASING = YES;
				CLANG_WARN_BOOL_CONVERSION = YES;
				CLANG_WARN_COMMA = YES;
				CLANG_WARN_CONSTANT_CONVERSION = YES;
				CLANG_WARN_DEPRECATED_OBJC_IMPLEMENTATIONS = YES;
				CLANG_WARN_DIRECT_OBJC_ISA_USAGE = YES_ERROR;
				CLANG_WARN_DOCUMENTATION_COMMENTS = YES;
				CLANG_WARN_EMPTY_BODY = YES;
				CLANG_WARN_ENUM_CONVERSION = YES;
				CLANG_WARN_INFINITE_RECURSION = YES;
				CLANG_WARN_INT_CONVERSION = YES;
				CLANG_WARN_NON_LITERAL_NULL_CONVERSION = YES;
				CLANG_WARN_OBJC_IMPLICIT_RETAIN_SELF = YES;
				CLANG_WARN_OBJC_LITERAL_CONVERSION = YES;
				CLANG_WARN_OBJC_ROOT_CLASS = YES_ERROR;
				CLANG_WARN_QUOTED_INCLUDE_IN_FRAMEWORK_HEADER = YES;
				CLANG_WARN_RANGE_LOOP_ANALYSIS = YES;
				CLANG_WARN_STRICT_PROTOTYPES = YES;
				CLANG_WARN_SUSPICIOUS_MOVE = YES;
				CLANG_WARN_UNGUARDED_AVAILABILITY = YES_AGGRESSIVE;
				CLANG_WARN_UNREACHABLE_CODE = YES;
				CLANG_WARN__DUPLICATE_METHOD_MATCH = YES;
				COPY_PHASE_STRIP = NO;
				DEBUG_INFORMATION_FORMAT = "dwarf-with-dsym";
				ENABLE_NS_ASSERTIONS = NO;
				ENABLE_STRICT_OBJC_MSGSEND = YES;
				GCC_C_LANGUAGE_STANDARD = gnu11;
				GCC_NO_COMMON_BLOCKS = YES;
				GCC_WARN_64_TO_32_BIT_CONVERSION = YES;
				GCC_WARN_ABOUT_RETURN_TYPE = YES_ERROR;
				GCC_WARN_UNDECLARED_SELECTOR = YES;
				GCC_WARN_UNINITIALIZED_AUTOS = YES_AGGRESSIVE;
				GCC_WARN_UNUSED_FUNCTION = YES;
				GCC_WARN_UNUSED_VARIABLE = YES;
				IPHONEOS_DEPLOYMENT_TARGET = 16.4;
				MTL_ENABLE_DEBUG_INFO = NO;
				MTL_FAST_MATH = YES;
				SDKROOT = iphoneos;
				SWIFT_COMPILATION_MODE = wholemodule;
				SWIFT_OPTIMIZATION_LEVEL = "-O";
				VALIDATE_PRODUCT = YES;
			};
			name = Release;
		};
		40152F6F2AA1C3A10049E309 /* Debug */ = {
			isa = XCBuildConfiguration;
			buildSettings = {
				ASSETCATALOG_COMPILER_APPICON_NAME = AppIcon;
				ASSETCATALOG_COMPILER_GLOBAL_ACCENT_COLOR_NAME = AccentColor;
				CODE_SIGN_STYLE = Automatic;
				CURRENT_PROJECT_VERSION = 1;
				DEVELOPMENT_TEAM = "";
				GENERATE_INFOPLIST_FILE = YES;
				INFOPLIST_FILE = holidayNow/SupportingFiles/Info.plist;
				INFOPLIST_KEY_UIApplicationSupportsIndirectInputEvents = YES;
				INFOPLIST_KEY_UILaunchStoryboardName = LaunchScreen;
				INFOPLIST_KEY_UISupportedInterfaceOrientations = UIInterfaceOrientationPortrait;
				INFOPLIST_KEY_UISupportedInterfaceOrientations_iPad = "UIInterfaceOrientationLandscapeLeft UIInterfaceOrientationLandscapeRight UIInterfaceOrientationPortrait UIInterfaceOrientationPortraitUpsideDown";
				IPHONEOS_DEPLOYMENT_TARGET = 13.0;
				LD_RUNPATH_SEARCH_PATHS = (
					"$(inherited)",
					"@executable_path/Frameworks",
				);
				MARKETING_VERSION = 1.0;
				PRODUCT_BUNDLE_IDENTIFIER = "ru.georgiy-N.holidayNow";
				PRODUCT_NAME = "$(TARGET_NAME)";
				SUPPORTS_MACCATALYST = NO;
				SUPPORTS_MAC_DESIGNED_FOR_IPHONE_IPAD = NO;
				SWIFT_EMIT_LOC_STRINGS = YES;
				SWIFT_VERSION = 5.0;
			};
			name = Debug;
		};
		40152F702AA1C3A10049E309 /* Release */ = {
			isa = XCBuildConfiguration;
			buildSettings = {
				ASSETCATALOG_COMPILER_APPICON_NAME = AppIcon;
				ASSETCATALOG_COMPILER_GLOBAL_ACCENT_COLOR_NAME = AccentColor;
				CODE_SIGN_STYLE = Automatic;
				CURRENT_PROJECT_VERSION = 1;
				DEVELOPMENT_TEAM = "";
				GENERATE_INFOPLIST_FILE = YES;
				INFOPLIST_FILE = holidayNow/SupportingFiles/Info.plist;
				INFOPLIST_KEY_UIApplicationSupportsIndirectInputEvents = YES;
				INFOPLIST_KEY_UILaunchStoryboardName = LaunchScreen;
				INFOPLIST_KEY_UISupportedInterfaceOrientations = UIInterfaceOrientationPortrait;
				INFOPLIST_KEY_UISupportedInterfaceOrientations_iPad = "UIInterfaceOrientationLandscapeLeft UIInterfaceOrientationLandscapeRight UIInterfaceOrientationPortrait UIInterfaceOrientationPortraitUpsideDown";
				IPHONEOS_DEPLOYMENT_TARGET = 13.0;
				LD_RUNPATH_SEARCH_PATHS = (
					"$(inherited)",
					"@executable_path/Frameworks",
				);
				MARKETING_VERSION = 1.0;
				PRODUCT_BUNDLE_IDENTIFIER = "ru.georgiy-N.holidayNow";
				PRODUCT_NAME = "$(TARGET_NAME)";
				SUPPORTS_MACCATALYST = NO;
				SUPPORTS_MAC_DESIGNED_FOR_IPHONE_IPAD = NO;
				SWIFT_EMIT_LOC_STRINGS = YES;
				SWIFT_VERSION = 5.0;
			};
			name = Release;
		};
/* End XCBuildConfiguration section */

/* Begin XCConfigurationList section */
		40152F552AA1C39E0049E309 /* Build configuration list for PBXProject "holidayNow" */ = {
			isa = XCConfigurationList;
			buildConfigurations = (
				40152F6C2AA1C3A10049E309 /* Debug */,
				40152F6D2AA1C3A10049E309 /* Release */,
			);
			defaultConfigurationIsVisible = 0;
			defaultConfigurationName = Release;
		};
		40152F6E2AA1C3A10049E309 /* Build configuration list for PBXNativeTarget "holidayNow" */ = {
			isa = XCConfigurationList;
			buildConfigurations = (
				40152F6F2AA1C3A10049E309 /* Debug */,
				40152F702AA1C3A10049E309 /* Release */,
			);
			defaultConfigurationIsVisible = 0;
			defaultConfigurationName = Release;
		};
/* End XCConfigurationList section */
	};
	rootObject = 40152F522AA1C39E0049E309 /* Project object */;
}
